
Microsoft Visual Studio Solution File, Format Version 11.00
# Visual Studio 2010
Project("{FAE04EC0-301F-11D3-BF4B-00C04F79EFBC}") = "Assembly-CSharp", "Assembly-CSharp.csproj", "{635ACEB1-F2BF-C190-5176-84FF183EA884}"
EndProject
Project("{FAE04EC0-301F-11D3-BF4B-00C04F79EFBC}") = "Assembly-CSharp-Editor", "Assembly-CSharp-Editor.csproj", "{F7A4AE98-0A9D-EF8C-E568-51503EE1BDF5}"
EndProject
Global
	GlobalSection(SolutionConfigurationPlatforms) = preSolution
		Debug|Any CPU = Debug|Any CPU
		Release|Any CPU = Release|Any CPU
	EndGlobalSection
	GlobalSection(ProjectConfigurationPlatforms) = postSolution
		{635ACEB1-F2BF-C190-5176-84FF183EA884}.Debug|Any CPU.ActiveCfg = Debug|Any CPU
		{635ACEB1-F2BF-C190-5176-84FF183EA884}.Debug|Any CPU.Build.0 = Debug|Any CPU
		{635ACEB1-F2BF-C190-5176-84FF183EA884}.Release|Any CPU.ActiveCfg = Release|Any CPU
		{635ACEB1-F2BF-C190-5176-84FF183EA884}.Release|Any CPU.Build.0 = Release|Any CPU
		{F7A4AE98-0A9D-EF8C-E568-51503EE1BDF5}.Debug|Any CPU.ActiveCfg = Debug|Any CPU
		{F7A4AE98-0A9D-EF8C-E568-51503EE1BDF5}.Debug|Any CPU.Build.0 = Debug|Any CPU
		{F7A4AE98-0A9D-EF8C-E568-51503EE1BDF5}.Release|Any CPU.ActiveCfg = Release|Any CPU
		{F7A4AE98-0A9D-EF8C-E568-51503EE1BDF5}.Release|Any CPU.Build.0 = Release|Any CPU
	EndGlobalSection
	GlobalSection(SolutionProperties) = preSolution
		HideSolutionNode = FALSE
	EndGlobalSection
EndGlobal
