
Microsoft Visual Studio Solution File, Format Version 12.00
# Visual Studio 15
Project("{FAE04EC0-301F-11D3-BF4B-00C04F79EFBC}") = "UnityEngine.UI", "UnityEngine.UI.csproj", "{038C186E-5199-BCB3-F22D-5447C2BF90F0}"
EndProject
Project("{FAE04EC0-301F-11D3-BF4B-00C04F79EFBC}") = "Unity.RenderPipelines.Core.Runtime", "Unity.RenderPipelines.Core.Runtime.csproj", "{D52C8088-6539-678E-D285-A68C0462BB95}"
EndProject
Project("{FAE04EC0-301F-11D3-BF4B-00C04F79EFBC}") = "UnityEngine.TestRunner", "UnityEngine.TestRunner.csproj", "{01AD68E0-8FFB-34E0-A184-AEB7930BA395}"
EndProject
Project("{FAE04EC0-301F-11D3-BF4B-00C04F79EFBC}") = "Unity.Mathematics", "Unity.Mathematics.csproj", "{E5C439B9-C3E7-3585-F2F6-C2C9AE55C146}"
EndProject
Project("{FAE04EC0-301F-11D3-BF4B-00C04F79EFBC}") = "Unity.Timeline", "Unity.Timeline.csproj", "{CCD54D44-FC09-A682-CAD3-04578765F0DA}"
EndProject
Project("{FAE04EC0-301F-11D3-BF4B-00C04F79EFBC}") = "Unity.RenderPipelines.Universal.Runtime", "Unity.RenderPipelines.Universal.Runtime.csproj", "{E7AFC4D5-99EB-4E98-BBA2-6E3221DE38AC}"
EndProject
Project("{FAE04EC0-301F-11D3-BF4B-00C04F79EFBC}") = "Unity.TextMeshPro", "Unity.TextMeshPro.csproj", "{7691068E-3F4D-104C-F72A-8749A9B4E2BF}"
EndProject
Project("{FAE04EC0-301F-11D3-BF4B-00C04F79EFBC}") = "Assembly-CSharp", "Assembly-CSharp.csproj", "{635ACEB1-F2BF-C190-5176-84FF183EA884}"
EndProject
Project("{FAE04EC0-301F-11D3-BF4B-00C04F79EFBC}") = "Unity.RenderPipelines.Core.ShaderLibrary", "Unity.RenderPipelines.Core.ShaderLibrary.csproj", "{4DA99089-53D1-D082-4227-0DA7BD96A602}"
EndProject
Project("{FAE04EC0-301F-11D3-BF4B-00C04F79EFBC}") = "Unity.RenderPipelines.Universal.Shaders", "Unity.RenderPipelines.Universal.Shaders.csproj", "{4001750B-99F8-A603-0EFC-CEAD051C0F09}"
EndProject
Project("{FAE04EC0-301F-11D3-BF4B-00C04F79EFBC}") = "Unity.RenderPipelines.ShaderGraph.ShaderGraphLibrary", "Unity.RenderPipelines.ShaderGraph.ShaderGraphLibrary.csproj", "{8B807DB7-E311-9ABD-FE9C-06BC4EE6F460}"
EndProject
Project("{FAE04EC0-301F-11D3-BF4B-00C04F79EFBC}") = "Unity.RenderPipeline.Universal.ShaderLibrary", "Unity.RenderPipeline.Universal.ShaderLibrary.csproj", "{40691FCA-520A-63E5-A6B9-3DDCABA3F4B2}"
EndProject
Project("{FAE04EC0-301F-11D3-BF4B-00C04F79EFBC}") = "UnityEditor.TestRunner", "UnityEditor.TestRunner.csproj", "{50EB077E-8A9B-44A7-D10C-D34EA621CB92}"
EndProject
Project("{FAE04EC0-301F-11D3-BF4B-00C04F79EFBC}") = "Unity.PlasticSCM.Editor", "Unity.PlasticSCM.Editor.csproj", "{26F29A8D-AD7D-9291-9936-2ED7DADE34F7}"
EndProject
Project("{FAE04EC0-301F-11D3-BF4B-00C04F79EFBC}") = "Unity.ShaderGraph.Editor", "Unity.ShaderGraph.Editor.csproj", "{FB2BC372-2F9E-181D-0D61-00FF375FD526}"
EndProject
Project("{FAE04EC0-301F-11D3-BF4B-00C04F79EFBC}") = "UnityEditor.UI", "UnityEditor.UI.csproj", "{F24D8091-EA17-62C3-0C80-515E3770BE91}"
EndProject
Project("{FAE04EC0-301F-11D3-BF4B-00C04F79EFBC}") = "Unity.VisualStudio.Editor", "Unity.VisualStudio.Editor.csproj", "{BD7FD931-FFD7-7B89-B163-926968082513}"
EndProject
Project("{FAE04EC0-301F-11D3-BF4B-00C04F79EFBC}") = "Unity.Timeline.Editor", "Unity.Timeline.Editor.csproj", "{ED41476B-A690-C551-46D9-42491CCBD05F}"
EndProject
Project("{FAE04EC0-301F-11D3-BF4B-00C04F79EFBC}") = "Unity.Services.Core.Editor", "Unity.Services.Core.Editor.csproj", "{6290A6AA-350C-4211-705B-9E9DBDE2D56B}"
EndProject
Project("{FAE04EC0-301F-11D3-BF4B-00C04F79EFBC}") = "Unity.TextMeshPro.Editor", "Unity.TextMeshPro.Editor.csproj", "{14DD4471-5002-48E7-7E5F-CD609ED52F9C}"
EndProject
Project("{FAE04EC0-301F-11D3-BF4B-00C04F79EFBC}") = "Unity.RenderPipelines.Core.Editor", "Unity.RenderPipelines.Core.Editor.csproj", "{42D36BD4-5DD1-911F-E9D6-41BBE4FDA758}"
EndProject
Project("{FAE04EC0-301F-11D3-BF4B-00C04F79EFBC}") = "Unity.CollabProxy.Editor", "Unity.CollabProxy.Editor.csproj", "{00932242-553D-1B7A-7F54-7FFC5534AF2F}"
EndProject
Project("{FAE04EC0-301F-11D3-BF4B-00C04F79EFBC}") = "Unity.ShaderGraph.Utilities", "Unity.ShaderGraph.Utilities.csproj", "{88C6909E-58C6-3BBA-7AD6-4519A6EA9D85}"
EndProject
Project("{FAE04EC0-301F-11D3-BF4B-00C04F79EFBC}") = "Unity.RenderPipelines.Universal.Editor", "Unity.RenderPipelines.Universal.Editor.csproj", "{F8C119CE-743A-805E-92AF-0D2D20E05F01}"
EndProject
Project("{FAE04EC0-301F-11D3-BF4B-00C04F79EFBC}") = "Unity.Rider.Editor", "Unity.Rider.Editor.csproj", "{FC3C55C9-FA7B-7858-2806-85C80AE8B76C}"
EndProject
Project("{FAE04EC0-301F-11D3-BF4B-00C04F79EFBC}") = "Unity.Searcher.Editor", "Unity.Searcher.Editor.csproj", "{9502CFDD-C00F-0B94-9188-DF26D58453A7}"
EndProject
Project("{FAE04EC0-301F-11D3-BF4B-00C04F79EFBC}") = "Unity.VSCode.Editor", "Unity.VSCode.Editor.csproj", "{16DA9FF8-A03E-7ED5-46A5-D9EDB636E701}"
EndProject
Project("{FAE04EC0-301F-11D3-BF4B-00C04F79EFBC}") = "Unity.Mathematics.Editor", "Unity.Mathematics.Editor.csproj", "{298215F7-8769-FA93-6CD2-730F1F056166}"
EndProject
Project("{FAE04EC0-301F-11D3-BF4B-00C04F79EFBC}") = "Assembly-CSharp-Editor", "Assembly-CSharp-Editor.csproj", "{F7A4AE98-0A9D-EF8C-E568-51503EE1BDF5}"
EndProject
Project("{FAE04EC0-301F-11D3-BF4B-00C04F79EFBC}") = "UnityEngine.UI", "UnityEngine.UI.Player.csproj", "{80130365-BB47-9A5F-2F2F-BDD08DF64481}"
EndProject
Project("{FAE04EC0-301F-11D3-BF4B-00C04F79EFBC}") = "Unity.RenderPipelines.Core.Runtime", "Unity.RenderPipelines.Core.Runtime.Player.csproj", "{EC5F5857-17EE-66A3-5104-8C0ED4CB2648}"
EndProject
Project("{FAE04EC0-301F-11D3-BF4B-00C04F79EFBC}") = "UnityEngine.TestRunner", "UnityEngine.TestRunner.Player.csproj", "{264DA132-8423-8151-DB64-184F7F6AFC1A}"
EndProject
Project("{FAE04EC0-301F-11D3-BF4B-00C04F79EFBC}") = "Unity.Mathematics", "Unity.Mathematics.Player.csproj", "{542EB75F-E609-18D2-6646-BF5B712901B1}"
EndProject
Project("{FAE04EC0-301F-11D3-BF4B-00C04F79EFBC}") = "Unity.Timeline", "Unity.Timeline.Player.csproj", "{EFC1DF12-ED16-32ED-E29A-13EF074EB590}"
EndProject
Project("{FAE04EC0-301F-11D3-BF4B-00C04F79EFBC}") = "Unity.RenderPipelines.Universal.Runtime", "Unity.RenderPipelines.Universal.Runtime.Player.csproj", "{73B609EE-35AA-8370-7593-9E0BF8479EC8}"
EndProject
Project("{FAE04EC0-301F-11D3-BF4B-00C04F79EFBC}") = "Unity.TextMeshPro", "Unity.TextMeshPro.Player.csproj", "{A3CA41DA-FAB0-F14C-5838-0F198276FFFA}"
EndProject
Project("{FAE04EC0-301F-11D3-BF4B-00C04F79EFBC}") = "Assembly-CSharp", "Assembly-CSharp.Player.csproj", "{9ADD2860-AF52-37BC-9148-7AC67EACE556}"
EndProject
Project("{FAE04EC0-301F-11D3-BF4B-00C04F79EFBC}") = "Unity.RenderPipelines.Core.ShaderLibrary", "Unity.RenderPipelines.Core.ShaderLibrary.Player.csproj", "{8E8B1042-8C6A-1B5A-83F2-BEF136379242}"
EndProject
Project("{FAE04EC0-301F-11D3-BF4B-00C04F79EFBC}") = "Unity.RenderPipelines.Universal.Shaders", "Unity.RenderPipelines.Universal.Shaders.Player.csproj", "{0D60C726-EC89-695F-FC87-05F181899BE6}"
EndProject
Project("{FAE04EC0-301F-11D3-BF4B-00C04F79EFBC}") = "Unity.RenderPipelines.ShaderGraph.ShaderGraphLibrary", "Unity.RenderPipelines.ShaderGraph.ShaderGraphLibrary.Player.csproj", "{9C53FB95-351F-CEA2-EB06-8E2B88BEB1F2}"
EndProject
Project("{FAE04EC0-301F-11D3-BF4B-00C04F79EFBC}") = "Unity.RenderPipeline.Universal.ShaderLibrary", "Unity.RenderPipeline.Universal.ShaderLibrary.Player.csproj", "{EC6875DF-8E99-205F-2698-4C07BEFE946D}"
EndProject
Global
	GlobalSection(SolutionConfigurationPlatforms) = preSolution
		Debug|Any CPU = Debug|Any CPU
		Release|Any CPU = Release|Any CPU
	EndGlobalSection
	GlobalSection(ProjectConfigurationPlatforms) = postSolution
		{038C186E-5199-BCB3-F22D-5447C2BF90F0}.Debug|Any CPU.ActiveCfg = Debug|Any CPU
		{038C186E-5199-BCB3-F22D-5447C2BF90F0}.Debug|Any CPU.Build.0 = Debug|Any CPU
		{038C186E-5199-BCB3-F22D-5447C2BF90F0}.Release|Any CPU.ActiveCfg = Release|Any CPU
		{038C186E-5199-BCB3-F22D-5447C2BF90F0}.Release|Any CPU.Build.0 = Release|Any CPU
		{D52C8088-6539-678E-D285-A68C0462BB95}.Debug|Any CPU.ActiveCfg = Debug|Any CPU
		{D52C8088-6539-678E-D285-A68C0462BB95}.Debug|Any CPU.Build.0 = Debug|Any CPU
		{D52C8088-6539-678E-D285-A68C0462BB95}.Release|Any CPU.ActiveCfg = Release|Any CPU
		{D52C8088-6539-678E-D285-A68C0462BB95}.Release|Any CPU.Build.0 = Release|Any CPU
		{01AD68E0-8FFB-34E0-A184-AEB7930BA395}.Debug|Any CPU.ActiveCfg = Debug|Any CPU
		{01AD68E0-8FFB-34E0-A184-AEB7930BA395}.Debug|Any CPU.Build.0 = Debug|Any CPU
		{01AD68E0-8FFB-34E0-A184-AEB7930BA395}.Release|Any CPU.ActiveCfg = Release|Any CPU
		{01AD68E0-8FFB-34E0-A184-AEB7930BA395}.Release|Any CPU.Build.0 = Release|Any CPU
		{E5C439B9-C3E7-3585-F2F6-C2C9AE55C146}.Debug|Any CPU.ActiveCfg = Debug|Any CPU
		{E5C439B9-C3E7-3585-F2F6-C2C9AE55C146}.Debug|Any CPU.Build.0 = Debug|Any CPU
		{E5C439B9-C3E7-3585-F2F6-C2C9AE55C146}.Release|Any CPU.ActiveCfg = Release|Any CPU
		{E5C439B9-C3E7-3585-F2F6-C2C9AE55C146}.Release|Any CPU.Build.0 = Release|Any CPU
		{CCD54D44-FC09-A682-CAD3-04578765F0DA}.Debug|Any CPU.ActiveCfg = Debug|Any CPU
		{CCD54D44-FC09-A682-CAD3-04578765F0DA}.Debug|Any CPU.Build.0 = Debug|Any CPU
		{CCD54D44-FC09-A682-CAD3-04578765F0DA}.Release|Any CPU.ActiveCfg = Release|Any CPU
		{CCD54D44-FC09-A682-CAD3-04578765F0DA}.Release|Any CPU.Build.0 = Release|Any CPU
		{E7AFC4D5-99EB-4E98-BBA2-6E3221DE38AC}.Debug|Any CPU.ActiveCfg = Debug|Any CPU
		{E7AFC4D5-99EB-4E98-BBA2-6E3221DE38AC}.Debug|Any CPU.Build.0 = Debug|Any CPU
		{E7AFC4D5-99EB-4E98-BBA2-6E3221DE38AC}.Release|Any CPU.ActiveCfg = Release|Any CPU
		{E7AFC4D5-99EB-4E98-BBA2-6E3221DE38AC}.Release|Any CPU.Build.0 = Release|Any CPU
		{7691068E-3F4D-104C-F72A-8749A9B4E2BF}.Debug|Any CPU.ActiveCfg = Debug|Any CPU
		{7691068E-3F4D-104C-F72A-8749A9B4E2BF}.Debug|Any CPU.Build.0 = Debug|Any CPU
		{7691068E-3F4D-104C-F72A-8749A9B4E2BF}.Release|Any CPU.ActiveCfg = Release|Any CPU
		{7691068E-3F4D-104C-F72A-8749A9B4E2BF}.Release|Any CPU.Build.0 = Release|Any CPU
		{635ACEB1-F2BF-C190-5176-84FF183EA884}.Debug|Any CPU.ActiveCfg = Debug|Any CPU
		{635ACEB1-F2BF-C190-5176-84FF183EA884}.Debug|Any CPU.Build.0 = Debug|Any CPU
		{635ACEB1-F2BF-C190-5176-84FF183EA884}.Release|Any CPU.ActiveCfg = Release|Any CPU
		{635ACEB1-F2BF-C190-5176-84FF183EA884}.Release|Any CPU.Build.0 = Release|Any CPU
		{4DA99089-53D1-D082-4227-0DA7BD96A602}.Debug|Any CPU.ActiveCfg = Debug|Any CPU
		{4DA99089-53D1-D082-4227-0DA7BD96A602}.Debug|Any CPU.Build.0 = Debug|Any CPU
		{4DA99089-53D1-D082-4227-0DA7BD96A602}.Release|Any CPU.ActiveCfg = Release|Any CPU
		{4DA99089-53D1-D082-4227-0DA7BD96A602}.Release|Any CPU.Build.0 = Release|Any CPU
		{4001750B-99F8-A603-0EFC-CEAD051C0F09}.Debug|Any CPU.ActiveCfg = Debug|Any CPU
		{4001750B-99F8-A603-0EFC-CEAD051C0F09}.Debug|Any CPU.Build.0 = Debug|Any CPU
		{4001750B-99F8-A603-0EFC-CEAD051C0F09}.Release|Any CPU.ActiveCfg = Release|Any CPU
		{4001750B-99F8-A603-0EFC-CEAD051C0F09}.Release|Any CPU.Build.0 = Release|Any CPU
		{8B807DB7-E311-9ABD-FE9C-06BC4EE6F460}.Debug|Any CPU.ActiveCfg = Debug|Any CPU
		{8B807DB7-E311-9ABD-FE9C-06BC4EE6F460}.Debug|Any CPU.Build.0 = Debug|Any CPU
		{8B807DB7-E311-9ABD-FE9C-06BC4EE6F460}.Release|Any CPU.ActiveCfg = Release|Any CPU
		{8B807DB7-E311-9ABD-FE9C-06BC4EE6F460}.Release|Any CPU.Build.0 = Release|Any CPU
		{40691FCA-520A-63E5-A6B9-3DDCABA3F4B2}.Debug|Any CPU.ActiveCfg = Debug|Any CPU
		{40691FCA-520A-63E5-A6B9-3DDCABA3F4B2}.Debug|Any CPU.Build.0 = Debug|Any CPU
		{40691FCA-520A-63E5-A6B9-3DDCABA3F4B2}.Release|Any CPU.ActiveCfg = Release|Any CPU
		{40691FCA-520A-63E5-A6B9-3DDCABA3F4B2}.Release|Any CPU.Build.0 = Release|Any CPU
		{50EB077E-8A9B-44A7-D10C-D34EA621CB92}.Debug|Any CPU.ActiveCfg = Debug|Any CPU
		{50EB077E-8A9B-44A7-D10C-D34EA621CB92}.Debug|Any CPU.Build.0 = Debug|Any CPU
		{50EB077E-8A9B-44A7-D10C-D34EA621CB92}.Release|Any CPU.ActiveCfg = Release|Any CPU
		{50EB077E-8A9B-44A7-D10C-D34EA621CB92}.Release|Any CPU.Build.0 = Release|Any CPU
		{26F29A8D-AD7D-9291-9936-2ED7DADE34F7}.Debug|Any CPU.ActiveCfg = Debug|Any CPU
		{26F29A8D-AD7D-9291-9936-2ED7DADE34F7}.Debug|Any CPU.Build.0 = Debug|Any CPU
		{26F29A8D-AD7D-9291-9936-2ED7DADE34F7}.Release|Any CPU.ActiveCfg = Release|Any CPU
		{26F29A8D-AD7D-9291-9936-2ED7DADE34F7}.Release|Any CPU.Build.0 = Release|Any CPU
		{FB2BC372-2F9E-181D-0D61-00FF375FD526}.Debug|Any CPU.ActiveCfg = Debug|Any CPU
		{FB2BC372-2F9E-181D-0D61-00FF375FD526}.Debug|Any CPU.Build.0 = Debug|Any CPU
		{FB2BC372-2F9E-181D-0D61-00FF375FD526}.Release|Any CPU.ActiveCfg = Release|Any CPU
		{FB2BC372-2F9E-181D-0D61-00FF375FD526}.Release|Any CPU.Build.0 = Release|Any CPU
		{F24D8091-EA17-62C3-0C80-515E3770BE91}.Debug|Any CPU.ActiveCfg = Debug|Any CPU
		{F24D8091-EA17-62C3-0C80-515E3770BE91}.Debug|Any CPU.Build.0 = Debug|Any CPU
		{F24D8091-EA17-62C3-0C80-515E3770BE91}.Release|Any CPU.ActiveCfg = Release|Any CPU
		{F24D8091-EA17-62C3-0C80-515E3770BE91}.Release|Any CPU.Build.0 = Release|Any CPU
		{BD7FD931-FFD7-7B89-B163-926968082513}.Debug|Any CPU.ActiveCfg = Debug|Any CPU
		{BD7FD931-FFD7-7B89-B163-926968082513}.Debug|Any CPU.Build.0 = Debug|Any CPU
		{BD7FD931-FFD7-7B89-B163-926968082513}.Release|Any CPU.ActiveCfg = Release|Any CPU
		{BD7FD931-FFD7-7B89-B163-926968082513}.Release|Any CPU.Build.0 = Release|Any CPU
		{ED41476B-A690-C551-46D9-42491CCBD05F}.Debug|Any CPU.ActiveCfg = Debug|Any CPU
		{ED41476B-A690-C551-46D9-42491CCBD05F}.Debug|Any CPU.Build.0 = Debug|Any CPU
		{ED41476B-A690-C551-46D9-42491CCBD05F}.Release|Any CPU.ActiveCfg = Release|Any CPU
		{ED41476B-A690-C551-46D9-42491CCBD05F}.Release|Any CPU.Build.0 = Release|Any CPU
		{6290A6AA-350C-4211-705B-9E9DBDE2D56B}.Debug|Any CPU.ActiveCfg = Debug|Any CPU
		{6290A6AA-350C-4211-705B-9E9DBDE2D56B}.Debug|Any CPU.Build.0 = Debug|Any CPU
		{6290A6AA-350C-4211-705B-9E9DBDE2D56B}.Release|Any CPU.ActiveCfg = Release|Any CPU
		{6290A6AA-350C-4211-705B-9E9DBDE2D56B}.Release|Any CPU.Build.0 = Release|Any CPU
		{14DD4471-5002-48E7-7E5F-CD609ED52F9C}.Debug|Any CPU.ActiveCfg = Debug|Any CPU
		{14DD4471-5002-48E7-7E5F-CD609ED52F9C}.Debug|Any CPU.Build.0 = Debug|Any CPU
		{14DD4471-5002-48E7-7E5F-CD609ED52F9C}.Release|Any CPU.ActiveCfg = Release|Any CPU
		{14DD4471-5002-48E7-7E5F-CD609ED52F9C}.Release|Any CPU.Build.0 = Release|Any CPU
		{42D36BD4-5DD1-911F-E9D6-41BBE4FDA758}.Debug|Any CPU.ActiveCfg = Debug|Any CPU
		{42D36BD4-5DD1-911F-E9D6-41BBE4FDA758}.Debug|Any CPU.Build.0 = Debug|Any CPU
		{42D36BD4-5DD1-911F-E9D6-41BBE4FDA758}.Release|Any CPU.ActiveCfg = Release|Any CPU
		{42D36BD4-5DD1-911F-E9D6-41BBE4FDA758}.Release|Any CPU.Build.0 = Release|Any CPU
		{00932242-553D-1B7A-7F54-7FFC5534AF2F}.Debug|Any CPU.ActiveCfg = Debug|Any CPU
		{00932242-553D-1B7A-7F54-7FFC5534AF2F}.Debug|Any CPU.Build.0 = Debug|Any CPU
		{00932242-553D-1B7A-7F54-7FFC5534AF2F}.Release|Any CPU.ActiveCfg = Release|Any CPU
		{00932242-553D-1B7A-7F54-7FFC5534AF2F}.Release|Any CPU.Build.0 = Release|Any CPU
		{88C6909E-58C6-3BBA-7AD6-4519A6EA9D85}.Debug|Any CPU.ActiveCfg = Debug|Any CPU
		{88C6909E-58C6-3BBA-7AD6-4519A6EA9D85}.Debug|Any CPU.Build.0 = Debug|Any CPU
		{88C6909E-58C6-3BBA-7AD6-4519A6EA9D85}.Release|Any CPU.ActiveCfg = Release|Any CPU
		{88C6909E-58C6-3BBA-7AD6-4519A6EA9D85}.Release|Any CPU.Build.0 = Release|Any CPU
		{F8C119CE-743A-805E-92AF-0D2D20E05F01}.Debug|Any CPU.ActiveCfg = Debug|Any CPU
		{F8C119CE-743A-805E-92AF-0D2D20E05F01}.Debug|Any CPU.Build.0 = Debug|Any CPU
		{F8C119CE-743A-805E-92AF-0D2D20E05F01}.Release|Any CPU.ActiveCfg = Release|Any CPU
		{F8C119CE-743A-805E-92AF-0D2D20E05F01}.Release|Any CPU.Build.0 = Release|Any CPU
		{FC3C55C9-FA7B-7858-2806-85C80AE8B76C}.Debug|Any CPU.ActiveCfg = Debug|Any CPU
		{FC3C55C9-FA7B-7858-2806-85C80AE8B76C}.Debug|Any CPU.Build.0 = Debug|Any CPU
		{FC3C55C9-FA7B-7858-2806-85C80AE8B76C}.Release|Any CPU.ActiveCfg = Release|Any CPU
		{FC3C55C9-FA7B-7858-2806-85C80AE8B76C}.Release|Any CPU.Build.0 = Release|Any CPU
		{9502CFDD-C00F-0B94-9188-DF26D58453A7}.Debug|Any CPU.ActiveCfg = Debug|Any CPU
		{9502CFDD-C00F-0B94-9188-DF26D58453A7}.Debug|Any CPU.Build.0 = Debug|Any CPU
		{9502CFDD-C00F-0B94-9188-DF26D58453A7}.Release|Any CPU.ActiveCfg = Release|Any CPU
		{9502CFDD-C00F-0B94-9188-DF26D58453A7}.Release|Any CPU.Build.0 = Release|Any CPU
		{16DA9FF8-A03E-7ED5-46A5-D9EDB636E701}.Debug|Any CPU.ActiveCfg = Debug|Any CPU
		{16DA9FF8-A03E-7ED5-46A5-D9EDB636E701}.Debug|Any CPU.Build.0 = Debug|Any CPU
		{16DA9FF8-A03E-7ED5-46A5-D9EDB636E701}.Release|Any CPU.ActiveCfg = Release|Any CPU
		{16DA9FF8-A03E-7ED5-46A5-D9EDB636E701}.Release|Any CPU.Build.0 = Release|Any CPU
		{298215F7-8769-FA93-6CD2-730F1F056166}.Debug|Any CPU.ActiveCfg = Debug|Any CPU
		{298215F7-8769-FA93-6CD2-730F1F056166}.Debug|Any CPU.Build.0 = Debug|Any CPU
		{298215F7-8769-FA93-6CD2-730F1F056166}.Release|Any CPU.ActiveCfg = Release|Any CPU
		{298215F7-8769-FA93-6CD2-730F1F056166}.Release|Any CPU.Build.0 = Release|Any CPU
		{F7A4AE98-0A9D-EF8C-E568-51503EE1BDF5}.Debug|Any CPU.ActiveCfg = Debug|Any CPU
		{F7A4AE98-0A9D-EF8C-E568-51503EE1BDF5}.Debug|Any CPU.Build.0 = Debug|Any CPU
		{F7A4AE98-0A9D-EF8C-E568-51503EE1BDF5}.Release|Any CPU.ActiveCfg = Release|Any CPU
		{F7A4AE98-0A9D-EF8C-E568-51503EE1BDF5}.Release|Any CPU.Build.0 = Release|Any CPU
		{80130365-BB47-9A5F-2F2F-BDD08DF64481}.Debug|Any CPU.ActiveCfg = Debug|Any CPU
		{80130365-BB47-9A5F-2F2F-BDD08DF64481}.Debug|Any CPU.Build.0 = Debug|Any CPU
		{80130365-BB47-9A5F-2F2F-BDD08DF64481}.Release|Any CPU.ActiveCfg = Release|Any CPU
		{80130365-BB47-9A5F-2F2F-BDD08DF64481}.Release|Any CPU.Build.0 = Release|Any CPU
		{EC5F5857-17EE-66A3-5104-8C0ED4CB2648}.Debug|Any CPU.ActiveCfg = Debug|Any CPU
		{EC5F5857-17EE-66A3-5104-8C0ED4CB2648}.Debug|Any CPU.Build.0 = Debug|Any CPU
		{EC5F5857-17EE-66A3-5104-8C0ED4CB2648}.Release|Any CPU.ActiveCfg = Release|Any CPU
		{EC5F5857-17EE-66A3-5104-8C0ED4CB2648}.Release|Any CPU.Build.0 = Release|Any CPU
		{264DA132-8423-8151-DB64-184F7F6AFC1A}.Debug|Any CPU.ActiveCfg = Debug|Any CPU
		{264DA132-8423-8151-DB64-184F7F6AFC1A}.Debug|Any CPU.Build.0 = Debug|Any CPU
		{264DA132-8423-8151-DB64-184F7F6AFC1A}.Release|Any CPU.ActiveCfg = Release|Any CPU
		{264DA132-8423-8151-DB64-184F7F6AFC1A}.Release|Any CPU.Build.0 = Release|Any CPU
		{542EB75F-E609-18D2-6646-BF5B712901B1}.Debug|Any CPU.ActiveCfg = Debug|Any CPU
		{542EB75F-E609-18D2-6646-BF5B712901B1}.Debug|Any CPU.Build.0 = Debug|Any CPU
		{542EB75F-E609-18D2-6646-BF5B712901B1}.Release|Any CPU.ActiveCfg = Release|Any CPU
		{542EB75F-E609-18D2-6646-BF5B712901B1}.Release|Any CPU.Build.0 = Release|Any CPU
		{EFC1DF12-ED16-32ED-E29A-13EF074EB590}.Debug|Any CPU.ActiveCfg = Debug|Any CPU
		{EFC1DF12-ED16-32ED-E29A-13EF074EB590}.Debug|Any CPU.Build.0 = Debug|Any CPU
		{EFC1DF12-ED16-32ED-E29A-13EF074EB590}.Release|Any CPU.ActiveCfg = Release|Any CPU
		{EFC1DF12-ED16-32ED-E29A-13EF074EB590}.Release|Any CPU.Build.0 = Release|Any CPU
		{73B609EE-35AA-8370-7593-9E0BF8479EC8}.Debug|Any CPU.ActiveCfg = Debug|Any CPU
		{73B609EE-35AA-8370-7593-9E0BF8479EC8}.Debug|Any CPU.Build.0 = Debug|Any CPU
		{73B609EE-35AA-8370-7593-9E0BF8479EC8}.Release|Any CPU.ActiveCfg = Release|Any CPU
		{73B609EE-35AA-8370-7593-9E0BF8479EC8}.Release|Any CPU.Build.0 = Release|Any CPU
		{A3CA41DA-FAB0-F14C-5838-0F198276FFFA}.Debug|Any CPU.ActiveCfg = Debug|Any CPU
		{A3CA41DA-FAB0-F14C-5838-0F198276FFFA}.Debug|Any CPU.Build.0 = Debug|Any CPU
		{A3CA41DA-FAB0-F14C-5838-0F198276FFFA}.Release|Any CPU.ActiveCfg = Release|Any CPU
		{A3CA41DA-FAB0-F14C-5838-0F198276FFFA}.Release|Any CPU.Build.0 = Release|Any CPU
		{9ADD2860-AF52-37BC-9148-7AC67EACE556}.Debug|Any CPU.ActiveCfg = Debug|Any CPU
		{9ADD2860-AF52-37BC-9148-7AC67EACE556}.Debug|Any CPU.Build.0 = Debug|Any CPU
		{9ADD2860-AF52-37BC-9148-7AC67EACE556}.Release|Any CPU.ActiveCfg = Release|Any CPU
		{9ADD2860-AF52-37BC-9148-7AC67EACE556}.Release|Any CPU.Build.0 = Release|Any CPU
		{8E8B1042-8C6A-1B5A-83F2-BEF136379242}.Debug|Any CPU.ActiveCfg = Debug|Any CPU
		{8E8B1042-8C6A-1B5A-83F2-BEF136379242}.Debug|Any CPU.Build.0 = Debug|Any CPU
		{8E8B1042-8C6A-1B5A-83F2-BEF136379242}.Release|Any CPU.ActiveCfg = Release|Any CPU
		{8E8B1042-8C6A-1B5A-83F2-BEF136379242}.Release|Any CPU.Build.0 = Release|Any CPU
		{0D60C726-EC89-695F-FC87-05F181899BE6}.Debug|Any CPU.ActiveCfg = Debug|Any CPU
		{0D60C726-EC89-695F-FC87-05F181899BE6}.Debug|Any CPU.Build.0 = Debug|Any CPU
		{0D60C726-EC89-695F-FC87-05F181899BE6}.Release|Any CPU.ActiveCfg = Release|Any CPU
		{0D60C726-EC89-695F-FC87-05F181899BE6}.Release|Any CPU.Build.0 = Release|Any CPU
		{9C53FB95-351F-CEA2-EB06-8E2B88BEB1F2}.Debug|Any CPU.ActiveCfg = Debug|Any CPU
		{9C53FB95-351F-CEA2-EB06-8E2B88BEB1F2}.Debug|Any CPU.Build.0 = Debug|Any CPU
		{9C53FB95-351F-CEA2-EB06-8E2B88BEB1F2}.Release|Any CPU.ActiveCfg = Release|Any CPU
		{9C53FB95-351F-CEA2-EB06-8E2B88BEB1F2}.Release|Any CPU.Build.0 = Release|Any CPU
		{EC6875DF-8E99-205F-2698-4C07BEFE946D}.Debug|Any CPU.ActiveCfg = Debug|Any CPU
		{EC6875DF-8E99-205F-2698-4C07BEFE946D}.Debug|Any CPU.Build.0 = Debug|Any CPU
		{EC6875DF-8E99-205F-2698-4C07BEFE946D}.Release|Any CPU.ActiveCfg = Release|Any CPU
		{EC6875DF-8E99-205F-2698-4C07BEFE946D}.Release|Any CPU.Build.0 = Release|Any CPU
	EndGlobalSection
	GlobalSection(SolutionProperties) = preSolution
		HideSolutionNode = FALSE
	EndGlobalSection
EndGlobal
